
Microsoft Visual Studio Solution File, Format Version 12.00
# Visual Studio Version 16
VisualStudioVersion = 16.0.31321.278
MinimumVisualStudioVersion = 10.0.40219.1
Project("{9A19103F-16F7-4668-BE54-9A1E7A4F7556}") = "PeopleFinder", "PersonFinder\PeopleFinder.csproj", "{5FBB2FCD-082C-40B9-AFF9-8001A9746E8F}"
EndProject
Project("{FAE04EC0-301F-11D3-BF4B-00C04F79EFBC}") = "PersonFinder.UnitTests", "PeopleControllerTests\PersonFinder.UnitTests.csproj", "{5C5744DC-B493-4E83-B520-A565E2C64469}"
EndProject
Global
	GlobalSection(SolutionConfigurationPlatforms) = preSolution
		Debug|Any CPU = Debug|Any CPU
		Release|Any CPU = Release|Any CPU
	EndGlobalSection
	GlobalSection(ProjectConfigurationPlatforms) = postSolution
		{5FBB2FCD-082C-40B9-AFF9-8001A9746E8F}.Debug|Any CPU.ActiveCfg = Debug|Any CPU
		{5FBB2FCD-082C-40B9-AFF9-8001A9746E8F}.Debug|Any CPU.Build.0 = Debug|Any CPU
		{5FBB2FCD-082C-40B9-AFF9-8001A9746E8F}.Release|Any CPU.ActiveCfg = Release|Any CPU
		{5FBB2FCD-082C-40B9-AFF9-8001A9746E8F}.Release|Any CPU.Build.0 = Release|Any CPU
		{5C5744DC-B493-4E83-B520-A565E2C64469}.Debug|Any CPU.ActiveCfg = Debug|Any CPU
		{5C5744DC-B493-4E83-B520-A565E2C64469}.Debug|Any CPU.Build.0 = Debug|Any CPU
		{5C5744DC-B493-4E83-B520-A565E2C64469}.Release|Any CPU.ActiveCfg = Release|Any CPU
		{5C5744DC-B493-4E83-B520-A565E2C64469}.Release|Any CPU.Build.0 = Release|Any CPU
	EndGlobalSection
	GlobalSection(SolutionProperties) = preSolution
		HideSolutionNode = FALSE
	EndGlobalSection
	GlobalSection(ExtensibilityGlobals) = postSolution
		SolutionGuid = {40F51B59-DCFF-4172-80A4-017EC8DC26C8}
	EndGlobalSection
EndGlobal
